// !$*UTF8*$!
{
	archiveVersion = 1;
	classes = {
	};
	objectVersion = 56;
	objects = {

/* Begin PBXBuildFile section */
		7736C1B52C7D931A008FD5BD /* RecruitmentModel.swift in Sources */ = {isa = PBXBuildFile; fileRef = 7736C1B42C7D931A008FD5BD /* RecruitmentModel.swift */; };
		97F8FDB42C7DBCE70027A63E /* MyPageEditViewController.swift in Sources */ = {isa = PBXBuildFile; fileRef = 97F8FDB32C7DBCE70027A63E /* MyPageEditViewController.swift */; };
		BD0EE6892C7C7584000D503C /* AppDelegate.swift in Sources */ = {isa = PBXBuildFile; fileRef = BD0EE6882C7C7584000D503C /* AppDelegate.swift */; };
		BD0EE68B2C7C7584000D503C /* SceneDelegate.swift in Sources */ = {isa = PBXBuildFile; fileRef = BD0EE68A2C7C7584000D503C /* SceneDelegate.swift */; };
		BD0EE6932C7C7584000D503C /* Team6_Movie.xcdatamodeld in Sources */ = {isa = PBXBuildFile; fileRef = BD0EE6912C7C7584000D503C /* Team6_Movie.xcdatamodeld */; };
		BD0EE6952C7C7586000D503C /* Assets.xcassets in Resources */ = {isa = PBXBuildFile; fileRef = BD0EE6942C7C7586000D503C /* Assets.xcassets */; };
		BD0EE6982C7C7586000D503C /* Base in Resources */ = {isa = PBXBuildFile; fileRef = BD0EE6972C7C7586000D503C /* Base */; };
		BD0EE6B02C7D5EE8000D503C /* UIFont+Extension.swift in Sources */ = {isa = PBXBuildFile; fileRef = BD0EE6AF2C7D5EE8000D503C /* UIFont+Extension.swift */; };
		BD0EE6E62C7D6B92000D503C /* RecruitmentViewController.swift in Sources */ = {isa = PBXBuildFile; fileRef = BD0EE6E52C7D6B92000D503C /* RecruitmentViewController.swift */; };
		BD0EE6E82C7D6BA0000D503C /* MyPageViewController.swift in Sources */ = {isa = PBXBuildFile; fileRef = BD0EE6E72C7D6BA0000D503C /* MyPageViewController.swift */; };
		BD0EE6EB2C7D6BB2000D503C /* SearchViewController.swift in Sources */ = {isa = PBXBuildFile; fileRef = BD0EE6EA2C7D6BB2000D503C /* SearchViewController.swift */; };
		BD0EE6ED2C7D6BBA000D503C /* HomeViewController.swift in Sources */ = {isa = PBXBuildFile; fileRef = BD0EE6EC2C7D6BBA000D503C /* HomeViewController.swift */; };
		BD0EE6EF2C7D6BC4000D503C /* BaseViewController.swift in Sources */ = {isa = PBXBuildFile; fileRef = BD0EE6EE2C7D6BC4000D503C /* BaseViewController.swift */; };
		BD0EE6F12C7D6BCF000D503C /* Model.swift in Sources */ = {isa = PBXBuildFile; fileRef = BD0EE6F02C7D6BCF000D503C /* Model.swift */; };
		BD0EE6F32C7D8E24000D503C /* Contents.swift in Sources */ = {isa = PBXBuildFile; fileRef = BD0EE6F22C7D8E24000D503C /* Contents.swift */; };
		BD0EE6F52C7D8FBC000D503C /* Date+Extension.swift in Sources */ = {isa = PBXBuildFile; fileRef = BD0EE6F42C7D8FBC000D503C /* Date+Extension.swift */; };
		BD0EE6F72C7D970E000D503C /* ContentsView.swift in Sources */ = {isa = PBXBuildFile; fileRef = BD0EE6F62C7D970E000D503C /* ContentsView.swift */; };
		BD0EE6F92C7D97AE000D503C /* ContentCell.swift in Sources */ = {isa = PBXBuildFile; fileRef = BD0EE6F82C7D97AE000D503C /* ContentCell.swift */; };
		BD0EE6FB2C7DA4C1000D503C /* UIColor+Extension.swift in Sources */ = {isa = PBXBuildFile; fileRef = BD0EE6FA2C7DA4C1000D503C /* UIColor+Extension.swift */; };
		BD0EE7022C7DBCD3000D503C /* CategoryContentsViewController.swift in Sources */ = {isa = PBXBuildFile; fileRef = BD0EE7012C7DBCD3000D503C /* CategoryContentsViewController.swift */; };
		BD0EE7042C7DC0F6000D503C /* CategoryViewCell.swift in Sources */ = {isa = PBXBuildFile; fileRef = BD0EE7032C7DC0F6000D503C /* CategoryViewCell.swift */; };
		BD2F52172C7DD55800120DDB /* DetailViewController.swift in Sources */ = {isa = PBXBuildFile; fileRef = BD2F52162C7DD55800120DDB /* DetailViewController.swift */; };
		BD2F521A2C7DEFAF00120DDB /* UIViewController+Extension.swift in Sources */ = {isa = PBXBuildFile; fileRef = BD2F52192C7DEFAF00120DDB /* UIViewController+Extension.swift */; };
		BD2F52252C7E047E00120DDB /* Pretendard-Thin.otf in Resources */ = {isa = PBXBuildFile; fileRef = BD2F521C2C7E047E00120DDB /* Pretendard-Thin.otf */; };
		BD2F52262C7E047E00120DDB /* Pretendard-Light.otf in Resources */ = {isa = PBXBuildFile; fileRef = BD2F521D2C7E047E00120DDB /* Pretendard-Light.otf */; };
		BD2F52272C7E047E00120DDB /* Pretendard-ExtraLight.otf in Resources */ = {isa = PBXBuildFile; fileRef = BD2F521E2C7E047E00120DDB /* Pretendard-ExtraLight.otf */; };
		BD2F52282C7E047E00120DDB /* Pretendard-ExtraBold.otf in Resources */ = {isa = PBXBuildFile; fileRef = BD2F521F2C7E047E00120DDB /* Pretendard-ExtraBold.otf */; };
		BD2F52292C7E047E00120DDB /* Pretendard-SemiBold.otf in Resources */ = {isa = PBXBuildFile; fileRef = BD2F52202C7E047E00120DDB /* Pretendard-SemiBold.otf */; };
		BD2F522A2C7E047E00120DDB /* Pretendard-Black.otf in Resources */ = {isa = PBXBuildFile; fileRef = BD2F52212C7E047E00120DDB /* Pretendard-Black.otf */; };
		BD2F522B2C7E047E00120DDB /* Pretendard-Regular.otf in Resources */ = {isa = PBXBuildFile; fileRef = BD2F52222C7E047E00120DDB /* Pretendard-Regular.otf */; };
		BD2F522C2C7E047E00120DDB /* Pretendard-Bold.otf in Resources */ = {isa = PBXBuildFile; fileRef = BD2F52232C7E047E00120DDB /* Pretendard-Bold.otf */; };
		BD2F522D2C7E047E00120DDB /* Pretendard-Medium.otf in Resources */ = {isa = PBXBuildFile; fileRef = BD2F52242C7E047E00120DDB /* Pretendard-Medium.otf */; };
		BD2F52322C7E0A6300120DDB /* UIImage+Extension.swift in Sources */ = {isa = PBXBuildFile; fileRef = BD2F52312C7E0A6300120DDB /* UIImage+Extension.swift */; };
/* End PBXBuildFile section */

/* Begin PBXFileReference section */
		7736C1B42C7D931A008FD5BD /* RecruitmentModel.swift */ = {isa = PBXFileReference; lastKnownFileType = sourcecode.swift; path = RecruitmentModel.swift; sourceTree = "<group>"; };
		97F8FDB32C7DBCE70027A63E /* MyPageEditViewController.swift */ = {isa = PBXFileReference; lastKnownFileType = sourcecode.swift; path = MyPageEditViewController.swift; sourceTree = "<group>"; };
		BD0EE6852C7C7584000D503C /* Team6_Movie.app */ = {isa = PBXFileReference; explicitFileType = wrapper.application; includeInIndex = 0; path = Team6_Movie.app; sourceTree = BUILT_PRODUCTS_DIR; };
		BD0EE6882C7C7584000D503C /* AppDelegate.swift */ = {isa = PBXFileReference; lastKnownFileType = sourcecode.swift; path = AppDelegate.swift; sourceTree = "<group>"; };
		BD0EE68A2C7C7584000D503C /* SceneDelegate.swift */ = {isa = PBXFileReference; lastKnownFileType = sourcecode.swift; path = SceneDelegate.swift; sourceTree = "<group>"; };
		BD0EE6922C7C7584000D503C /* Team6_Movie.xcdatamodel */ = {isa = PBXFileReference; lastKnownFileType = wrapper.xcdatamodel; path = Team6_Movie.xcdatamodel; sourceTree = "<group>"; };
		BD0EE6942C7C7586000D503C /* Assets.xcassets */ = {isa = PBXFileReference; lastKnownFileType = folder.assetcatalog; path = Assets.xcassets; sourceTree = "<group>"; };
		BD0EE6972C7C7586000D503C /* Base */ = {isa = PBXFileReference; lastKnownFileType = file.storyboard; name = Base; path = Base.lproj/LaunchScreen.storyboard; sourceTree = "<group>"; };
		BD0EE6992C7C7586000D503C /* Info.plist */ = {isa = PBXFileReference; lastKnownFileType = text.plist.xml; path = Info.plist; sourceTree = "<group>"; };
		BD0EE6AF2C7D5EE8000D503C /* UIFont+Extension.swift */ = {isa = PBXFileReference; lastKnownFileType = sourcecode.swift; path = "UIFont+Extension.swift"; sourceTree = "<group>"; };
		BD0EE6E52C7D6B92000D503C /* RecruitmentViewController.swift */ = {isa = PBXFileReference; lastKnownFileType = sourcecode.swift; path = RecruitmentViewController.swift; sourceTree = "<group>"; };
		BD0EE6E72C7D6BA0000D503C /* MyPageViewController.swift */ = {isa = PBXFileReference; lastKnownFileType = sourcecode.swift; path = MyPageViewController.swift; sourceTree = "<group>"; };
		BD0EE6EA2C7D6BB2000D503C /* SearchViewController.swift */ = {isa = PBXFileReference; lastKnownFileType = sourcecode.swift; path = SearchViewController.swift; sourceTree = "<group>"; };
		BD0EE6EC2C7D6BBA000D503C /* HomeViewController.swift */ = {isa = PBXFileReference; lastKnownFileType = sourcecode.swift; path = HomeViewController.swift; sourceTree = "<group>"; };
		BD0EE6EE2C7D6BC4000D503C /* BaseViewController.swift */ = {isa = PBXFileReference; lastKnownFileType = sourcecode.swift; path = BaseViewController.swift; sourceTree = "<group>"; };
		BD0EE6F02C7D6BCF000D503C /* Model.swift */ = {isa = PBXFileReference; lastKnownFileType = sourcecode.swift; path = Model.swift; sourceTree = "<group>"; };
		BD0EE6F22C7D8E24000D503C /* Contents.swift */ = {isa = PBXFileReference; lastKnownFileType = sourcecode.swift; path = Contents.swift; sourceTree = "<group>"; };
		BD0EE6F42C7D8FBC000D503C /* Date+Extension.swift */ = {isa = PBXFileReference; lastKnownFileType = sourcecode.swift; path = "Date+Extension.swift"; sourceTree = "<group>"; };
		BD0EE6F62C7D970E000D503C /* ContentsView.swift */ = {isa = PBXFileReference; lastKnownFileType = sourcecode.swift; path = ContentsView.swift; sourceTree = "<group>"; };
		BD0EE6F82C7D97AE000D503C /* ContentCell.swift */ = {isa = PBXFileReference; lastKnownFileType = sourcecode.swift; path = ContentCell.swift; sourceTree = "<group>"; };
		BD0EE6FA2C7DA4C1000D503C /* UIColor+Extension.swift */ = {isa = PBXFileReference; lastKnownFileType = sourcecode.swift; path = "UIColor+Extension.swift"; sourceTree = "<group>"; };
		BD0EE7012C7DBCD3000D503C /* CategoryContentsViewController.swift */ = {isa = PBXFileReference; lastKnownFileType = sourcecode.swift; path = CategoryContentsViewController.swift; sourceTree = "<group>"; };
		BD0EE7032C7DC0F6000D503C /* CategoryViewCell.swift */ = {isa = PBXFileReference; lastKnownFileType = sourcecode.swift; path = CategoryViewCell.swift; sourceTree = "<group>"; };
		BD2F52162C7DD55800120DDB /* DetailViewController.swift */ = {isa = PBXFileReference; lastKnownFileType = sourcecode.swift; path = DetailViewController.swift; sourceTree = "<group>"; };
		BD2F52192C7DEFAF00120DDB /* UIViewController+Extension.swift */ = {isa = PBXFileReference; lastKnownFileType = sourcecode.swift; path = "UIViewController+Extension.swift"; sourceTree = "<group>"; };
		BD2F521C2C7E047E00120DDB /* Pretendard-Thin.otf */ = {isa = PBXFileReference; lastKnownFileType = file; path = "Pretendard-Thin.otf"; sourceTree = "<group>"; };
		BD2F521D2C7E047E00120DDB /* Pretendard-Light.otf */ = {isa = PBXFileReference; lastKnownFileType = file; path = "Pretendard-Light.otf"; sourceTree = "<group>"; };
		BD2F521E2C7E047E00120DDB /* Pretendard-ExtraLight.otf */ = {isa = PBXFileReference; lastKnownFileType = file; path = "Pretendard-ExtraLight.otf"; sourceTree = "<group>"; };
		BD2F521F2C7E047E00120DDB /* Pretendard-ExtraBold.otf */ = {isa = PBXFileReference; lastKnownFileType = file; path = "Pretendard-ExtraBold.otf"; sourceTree = "<group>"; };
		BD2F52202C7E047E00120DDB /* Pretendard-SemiBold.otf */ = {isa = PBXFileReference; lastKnownFileType = file; path = "Pretendard-SemiBold.otf"; sourceTree = "<group>"; };
		BD2F52212C7E047E00120DDB /* Pretendard-Black.otf */ = {isa = PBXFileReference; lastKnownFileType = file; path = "Pretendard-Black.otf"; sourceTree = "<group>"; };
		BD2F52222C7E047E00120DDB /* Pretendard-Regular.otf */ = {isa = PBXFileReference; lastKnownFileType = file; path = "Pretendard-Regular.otf"; sourceTree = "<group>"; };
		BD2F52232C7E047E00120DDB /* Pretendard-Bold.otf */ = {isa = PBXFileReference; lastKnownFileType = file; path = "Pretendard-Bold.otf"; sourceTree = "<group>"; };
		BD2F52242C7E047E00120DDB /* Pretendard-Medium.otf */ = {isa = PBXFileReference; lastKnownFileType = file; path = "Pretendard-Medium.otf"; sourceTree = "<group>"; };
		BD2F52312C7E0A6300120DDB /* UIImage+Extension.swift */ = {isa = PBXFileReference; lastKnownFileType = sourcecode.swift; path = "UIImage+Extension.swift"; sourceTree = "<group>"; };
/* End PBXFileReference section */

/* Begin PBXFrameworksBuildPhase section */
		BD0EE6822C7C7584000D503C /* Frameworks */ = {
			isa = PBXFrameworksBuildPhase;
			buildActionMask = 2147483647;
			files = (
			);
			runOnlyForDeploymentPostprocessing = 0;
		};
/* End PBXFrameworksBuildPhase section */

/* Begin PBXGroup section */
		BD0EE67C2C7C7584000D503C = {
			isa = PBXGroup;
			children = (
				BD0EE6872C7C7584000D503C /* Team6_Movie */,
				BD0EE6862C7C7584000D503C /* Products */,
			);
			sourceTree = "<group>";
		};
		BD0EE6862C7C7584000D503C /* Products */ = {
			isa = PBXGroup;
			children = (
				BD0EE6852C7C7584000D503C /* Team6_Movie.app */,
			);
			name = Products;
			sourceTree = "<group>";
		};
		BD0EE6872C7C7584000D503C /* Team6_Movie */ = {
			isa = PBXGroup;
			children = (
				BD0EE6882C7C7584000D503C /* AppDelegate.swift */,
				BD0EE68A2C7C7584000D503C /* SceneDelegate.swift */,
				BD0EE6E42C7D650D000D503C /* Model */,
				BD0EE6DE2C7D64BC000D503C /* Presentation */,
				BD0EE6A22C7D5E02000D503C /* Global */,
				BD0EE6942C7C7586000D503C /* Assets.xcassets */,
				BD0EE6962C7C7586000D503C /* LaunchScreen.storyboard */,
				BD0EE6992C7C7586000D503C /* Info.plist */,
				BD0EE6912C7C7584000D503C /* Team6_Movie.xcdatamodeld */,
			);
			path = Team6_Movie;
			sourceTree = "<group>";
		};
		BD0EE6A22C7D5E02000D503C /* Global */ = {
			isa = PBXGroup;
			children = (
				BD2F521B2C7E045C00120DDB /* Fonts */,
				BD0EE6A32C7D5E15000D503C /* Extension */,
			);
			path = Global;
			sourceTree = "<group>";
		};
		BD0EE6A32C7D5E15000D503C /* Extension */ = {
			isa = PBXGroup;
			children = (
				BD0EE6AF2C7D5EE8000D503C /* UIFont+Extension.swift */,
				BD0EE6F42C7D8FBC000D503C /* Date+Extension.swift */,
				BD0EE6FA2C7DA4C1000D503C /* UIColor+Extension.swift */,
				BD2F52192C7DEFAF00120DDB /* UIViewController+Extension.swift */,
				BD2F52312C7E0A6300120DDB /* UIImage+Extension.swift */,
			);
			path = Extension;
			sourceTree = "<group>";
		};
		BD0EE6DE2C7D64BC000D503C /* Presentation */ = {
			isa = PBXGroup;
			children = (
				BD0EE6E32C7D64FD000D503C /* Recruitment */,
				BD0EE6E22C7D64E8000D503C /* MyPage */,
				BD0EE6E12C7D64DF000D503C /* Search */,
				BD0EE6E02C7D64CE000D503C /* Home */,
				BD0EE6DF2C7D64C8000D503C /* Base */,
			);
			path = Presentation;
			sourceTree = "<group>";
		};
		BD0EE6DF2C7D64C8000D503C /* Base */ = {
			isa = PBXGroup;
			children = (
				BD0EE6EE2C7D6BC4000D503C /* BaseViewController.swift */,
			);
			path = Base;
			sourceTree = "<group>";
		};
		BD0EE6E02C7D64CE000D503C /* Home */ = {
			isa = PBXGroup;
			children = (
				BD2F52182C7DEC1400120DDB /* Cell */,
				BD0EE6EC2C7D6BBA000D503C /* HomeViewController.swift */,
				BD0EE6F62C7D970E000D503C /* ContentsView.swift */,
				BD0EE7012C7DBCD3000D503C /* CategoryContentsViewController.swift */,
				BD2F52162C7DD55800120DDB /* DetailViewController.swift */,
			);
			path = Home;
			sourceTree = "<group>";
		};
		BD0EE6E12C7D64DF000D503C /* Search */ = {
			isa = PBXGroup;
			children = (
				BD0EE6EA2C7D6BB2000D503C /* SearchViewController.swift */,
			);
			path = Search;
			sourceTree = "<group>";
		};
		BD0EE6E22C7D64E8000D503C /* MyPage */ = {
			isa = PBXGroup;
			children = (
				BD0EE6E72C7D6BA0000D503C /* MyPageViewController.swift */,
				97F8FDB32C7DBCE70027A63E /* MyPageEditViewController.swift */,
			);
			path = MyPage;
			sourceTree = "<group>";
		};
		BD0EE6E32C7D64FD000D503C /* Recruitment */ = {
			isa = PBXGroup;
			children = (
				BD0EE6E52C7D6B92000D503C /* RecruitmentViewController.swift */,
				7736C1B42C7D931A008FD5BD /* RecruitmentModel.swift */,
			);
			path = Recruitment;
			sourceTree = "<group>";
		};
		BD0EE6E42C7D650D000D503C /* Model */ = {
			isa = PBXGroup;
			children = (
				BD0EE6F22C7D8E24000D503C /* Contents.swift */,
				BD0EE6F02C7D6BCF000D503C /* Model.swift */,
			);
			path = Model;
			sourceTree = "<group>";
		};
		BD2F52182C7DEC1400120DDB /* Cell */ = {
			isa = PBXGroup;
			children = (
				BD0EE6F82C7D97AE000D503C /* ContentCell.swift */,
				BD0EE7032C7DC0F6000D503C /* CategoryViewCell.swift */,
			);
			path = Cell;
			sourceTree = "<group>";
		};
		BD2F521B2C7E045C00120DDB /* Fonts */ = {
			isa = PBXGroup;
			children = (
				BD2F52212C7E047E00120DDB /* Pretendard-Black.otf */,
				BD2F52232C7E047E00120DDB /* Pretendard-Bold.otf */,
				BD2F521F2C7E047E00120DDB /* Pretendard-ExtraBold.otf */,
				BD2F521E2C7E047E00120DDB /* Pretendard-ExtraLight.otf */,
				BD2F521D2C7E047E00120DDB /* Pretendard-Light.otf */,
				BD2F52242C7E047E00120DDB /* Pretendard-Medium.otf */,
				BD2F52222C7E047E00120DDB /* Pretendard-Regular.otf */,
				BD2F52202C7E047E00120DDB /* Pretendard-SemiBold.otf */,
				BD2F521C2C7E047E00120DDB /* Pretendard-Thin.otf */,
			);
			path = Fonts;
			sourceTree = "<group>";
		};
/* End PBXGroup section */

/* Begin PBXNativeTarget section */
		BD0EE6842C7C7584000D503C /* Team6_Movie */ = {
			isa = PBXNativeTarget;
			buildConfigurationList = BD0EE69C2C7C7586000D503C /* Build configuration list for PBXNativeTarget "Team6_Movie" */;
			buildPhases = (
				BD0EE6812C7C7584000D503C /* Sources */,
				BD0EE6822C7C7584000D503C /* Frameworks */,
				BD0EE6832C7C7584000D503C /* Resources */,
			);
			buildRules = (
			);
			dependencies = (
			);
			name = Team6_Movie;
			productName = Team6_Movie;
			productReference = BD0EE6852C7C7584000D503C /* Team6_Movie.app */;
			productType = "com.apple.product-type.application";
		};
/* End PBXNativeTarget section */

/* Begin PBXProject section */
		BD0EE67D2C7C7584000D503C /* Project object */ = {
			isa = PBXProject;
			attributes = {
				BuildIndependentTargetsInParallel = 1;
				LastSwiftUpdateCheck = 1540;
				LastUpgradeCheck = 1540;
				TargetAttributes = {
					BD0EE6842C7C7584000D503C = {
						CreatedOnToolsVersion = 15.4;
					};
				};
			};
			buildConfigurationList = BD0EE6802C7C7584000D503C /* Build configuration list for PBXProject "Team6_Movie" */;
			compatibilityVersion = "Xcode 14.0";
			developmentRegion = en;
			hasScannedForEncodings = 0;
			knownRegions = (
				en,
				Base,
			);
			mainGroup = BD0EE67C2C7C7584000D503C;
			productRefGroup = BD0EE6862C7C7584000D503C /* Products */;
			projectDirPath = "";
			projectRoot = "";
			targets = (
				BD0EE6842C7C7584000D503C /* Team6_Movie */,
			);
		};
/* End PBXProject section */

/* Begin PBXResourcesBuildPhase section */
		BD0EE6832C7C7584000D503C /* Resources */ = {
			isa = PBXResourcesBuildPhase;
			buildActionMask = 2147483647;
			files = (
				BD2F52252C7E047E00120DDB /* Pretendard-Thin.otf in Resources */,
				BD2F522C2C7E047E00120DDB /* Pretendard-Bold.otf in Resources */,
				BD2F52262C7E047E00120DDB /* Pretendard-Light.otf in Resources */,
				BD2F52292C7E047E00120DDB /* Pretendard-SemiBold.otf in Resources */,
				BD2F52282C7E047E00120DDB /* Pretendard-ExtraBold.otf in Resources */,
				BD2F522B2C7E047E00120DDB /* Pretendard-Regular.otf in Resources */,
				BD2F52272C7E047E00120DDB /* Pretendard-ExtraLight.otf in Resources */,
				BD0EE6952C7C7586000D503C /* Assets.xcassets in Resources */,
				BD2F522A2C7E047E00120DDB /* Pretendard-Black.otf in Resources */,
				BD0EE6982C7C7586000D503C /* Base in Resources */,
				BD2F522D2C7E047E00120DDB /* Pretendard-Medium.otf in Resources */,
			);
			runOnlyForDeploymentPostprocessing = 0;
		};
/* End PBXResourcesBuildPhase section */

/* Begin PBXSourcesBuildPhase section */
		BD0EE6812C7C7584000D503C /* Sources */ = {
			isa = PBXSourcesBuildPhase;
			buildActionMask = 2147483647;
			files = (
				BD0EE6932C7C7584000D503C /* Team6_Movie.xcdatamodeld in Sources */,
				BD0EE6F92C7D97AE000D503C /* ContentCell.swift in Sources */,
				BD0EE6F52C7D8FBC000D503C /* Date+Extension.swift in Sources */,
				BD0EE7042C7DC0F6000D503C /* CategoryViewCell.swift in Sources */,
				BD0EE6EB2C7D6BB2000D503C /* SearchViewController.swift in Sources */,
				BD0EE6E82C7D6BA0000D503C /* MyPageViewController.swift in Sources */,
				BD0EE7022C7DBCD3000D503C /* CategoryContentsViewController.swift in Sources */,
				BD2F52172C7DD55800120DDB /* DetailViewController.swift in Sources */,
				7736C1B52C7D931A008FD5BD /* RecruitmentModel.swift in Sources */,
				BD2F52322C7E0A6300120DDB /* UIImage+Extension.swift in Sources */,
				BD0EE6892C7C7584000D503C /* AppDelegate.swift in Sources */,
				BD0EE6FB2C7DA4C1000D503C /* UIColor+Extension.swift in Sources */,
				BD0EE6EF2C7D6BC4000D503C /* BaseViewController.swift in Sources */,
				BD0EE6ED2C7D6BBA000D503C /* HomeViewController.swift in Sources */,
				BD0EE6F32C7D8E24000D503C /* Contents.swift in Sources */,
				BD0EE6B02C7D5EE8000D503C /* UIFont+Extension.swift in Sources */,
				97F8FDB42C7DBCE70027A63E /* MyPageEditViewController.swift in Sources */,
				BD0EE6F72C7D970E000D503C /* ContentsView.swift in Sources */,
				BD0EE6F12C7D6BCF000D503C /* Model.swift in Sources */,
				BD2F521A2C7DEFAF00120DDB /* UIViewController+Extension.swift in Sources */,
				BD0EE68B2C7C7584000D503C /* SceneDelegate.swift in Sources */,
				BD0EE6E62C7D6B92000D503C /* RecruitmentViewController.swift in Sources */,
			);
			runOnlyForDeploymentPostprocessing = 0;
		};
/* End PBXSourcesBuildPhase section */

/* Begin PBXVariantGroup section */
		BD0EE6962C7C7586000D503C /* LaunchScreen.storyboard */ = {
			isa = PBXVariantGroup;
			children = (
				BD0EE6972C7C7586000D503C /* Base */,
			);
			name = LaunchScreen.storyboard;
			sourceTree = "<group>";
		};
/* End PBXVariantGroup section */

/* Begin XCBuildConfiguration section */
		BD0EE69A2C7C7586000D503C /* Debug */ = {
			isa = XCBuildConfiguration;
			buildSettings = {
				ALWAYS_SEARCH_USER_PATHS = NO;
				ASSETCATALOG_COMPILER_GENERATE_SWIFT_ASSET_SYMBOL_EXTENSIONS = YES;
				CLANG_ANALYZER_NONNULL = YES;
				CLANG_ANALYZER_NUMBER_OBJECT_CONVERSION = YES_AGGRESSIVE;
				CLANG_CXX_LANGUAGE_STANDARD = "gnu++20";
				CLANG_ENABLE_MODULES = YES;
				CLANG_ENABLE_OBJC_ARC = YES;
				CLANG_ENABLE_OBJC_WEAK = YES;
				CLANG_WARN_BLOCK_CAPTURE_AUTORELEASING = YES;
				CLANG_WARN_BOOL_CONVERSION = YES;
				CLANG_WARN_COMMA = YES;
				CLANG_WARN_CONSTANT_CONVERSION = YES;
				CLANG_WARN_DEPRECATED_OBJC_IMPLEMENTATIONS = YES;
				CLANG_WARN_DIRECT_OBJC_ISA_USAGE = YES_ERROR;
				CLANG_WARN_DOCUMENTATION_COMMENTS = YES;
				CLANG_WARN_EMPTY_BODY = YES;
				CLANG_WARN_ENUM_CONVERSION = YES;
				CLANG_WARN_INFINITE_RECURSION = YES;
				CLANG_WARN_INT_CONVERSION = YES;
				CLANG_WARN_NON_LITERAL_NULL_CONVERSION = YES;
				CLANG_WARN_OBJC_IMPLICIT_RETAIN_SELF = YES;
				CLANG_WARN_OBJC_LITERAL_CONVERSION = YES;
				CLANG_WARN_OBJC_ROOT_CLASS = YES_ERROR;
				CLANG_WARN_QUOTED_INCLUDE_IN_FRAMEWORK_HEADER = YES;
				CLANG_WARN_RANGE_LOOP_ANALYSIS = YES;
				CLANG_WARN_STRICT_PROTOTYPES = YES;
				CLANG_WARN_SUSPICIOUS_MOVE = YES;
				CLANG_WARN_UNGUARDED_AVAILABILITY = YES_AGGRESSIVE;
				CLANG_WARN_UNREACHABLE_CODE = YES;
				CLANG_WARN__DUPLICATE_METHOD_MATCH = YES;
				COPY_PHASE_STRIP = NO;
				DEBUG_INFORMATION_FORMAT = dwarf;
				ENABLE_STRICT_OBJC_MSGSEND = YES;
				ENABLE_TESTABILITY = YES;
				ENABLE_USER_SCRIPT_SANDBOXING = YES;
				GCC_C_LANGUAGE_STANDARD = gnu17;
				GCC_DYNAMIC_NO_PIC = NO;
				GCC_NO_COMMON_BLOCKS = YES;
				GCC_OPTIMIZATION_LEVEL = 0;
				GCC_PREPROCESSOR_DEFINITIONS = (
					"DEBUG=1",
					"$(inherited)",
				);
				GCC_WARN_64_TO_32_BIT_CONVERSION = YES;
				GCC_WARN_ABOUT_RETURN_TYPE = YES_ERROR;
				GCC_WARN_UNDECLARED_SELECTOR = YES;
				GCC_WARN_UNINITIALIZED_AUTOS = YES_AGGRESSIVE;
				GCC_WARN_UNUSED_FUNCTION = YES;
				GCC_WARN_UNUSED_VARIABLE = YES;
				IPHONEOS_DEPLOYMENT_TARGET = 15.0;
				LOCALIZATION_PREFERS_STRING_CATALOGS = YES;
				MTL_ENABLE_DEBUG_INFO = INCLUDE_SOURCE;
				MTL_FAST_MATH = YES;
				ONLY_ACTIVE_ARCH = YES;
				SDKROOT = iphoneos;
				SWIFT_ACTIVE_COMPILATION_CONDITIONS = "DEBUG $(inherited)";
				SWIFT_OPTIMIZATION_LEVEL = "-Onone";
			};
			name = Debug;
		};
		BD0EE69B2C7C7586000D503C /* Release */ = {
			isa = XCBuildConfiguration;
			buildSettings = {
				ALWAYS_SEARCH_USER_PATHS = NO;
				ASSETCATALOG_COMPILER_GENERATE_SWIFT_ASSET_SYMBOL_EXTENSIONS = YES;
				CLANG_ANALYZER_NONNULL = YES;
				CLANG_ANALYZER_NUMBER_OBJECT_CONVERSION = YES_AGGRESSIVE;
				CLANG_CXX_LANGUAGE_STANDARD = "gnu++20";
				CLANG_ENABLE_MODULES = YES;
				CLANG_ENABLE_OBJC_ARC = YES;
				CLANG_ENABLE_OBJC_WEAK = YES;
				CLANG_WARN_BLOCK_CAPTURE_AUTORELEASING = YES;
				CLANG_WARN_BOOL_CONVERSION = YES;
				CLANG_WARN_COMMA = YES;
				CLANG_WARN_CONSTANT_CONVERSION = YES;
				CLANG_WARN_DEPRECATED_OBJC_IMPLEMENTATIONS = YES;
				CLANG_WARN_DIRECT_OBJC_ISA_USAGE = YES_ERROR;
				CLANG_WARN_DOCUMENTATION_COMMENTS = YES;
				CLANG_WARN_EMPTY_BODY = YES;
				CLANG_WARN_ENUM_CONVERSION = YES;
				CLANG_WARN_INFINITE_RECURSION = YES;
				CLANG_WARN_INT_CONVERSION = YES;
				CLANG_WARN_NON_LITERAL_NULL_CONVERSION = YES;
				CLANG_WARN_OBJC_IMPLICIT_RETAIN_SELF = YES;
				CLANG_WARN_OBJC_LITERAL_CONVERSION = YES;
				CLANG_WARN_OBJC_ROOT_CLASS = YES_ERROR;
				CLANG_WARN_QUOTED_INCLUDE_IN_FRAMEWORK_HEADER = YES;
				CLANG_WARN_RANGE_LOOP_ANALYSIS = YES;
				CLANG_WARN_STRICT_PROTOTYPES = YES;
				CLANG_WARN_SUSPICIOUS_MOVE = YES;
				CLANG_WARN_UNGUARDED_AVAILABILITY = YES_AGGRESSIVE;
				CLANG_WARN_UNREACHABLE_CODE = YES;
				CLANG_WARN__DUPLICATE_METHOD_MATCH = YES;
				COPY_PHASE_STRIP = NO;
				DEBUG_INFORMATION_FORMAT = "dwarf-with-dsym";
				ENABLE_NS_ASSERTIONS = NO;
				ENABLE_STRICT_OBJC_MSGSEND = YES;
				ENABLE_USER_SCRIPT_SANDBOXING = YES;
				GCC_C_LANGUAGE_STANDARD = gnu17;
				GCC_NO_COMMON_BLOCKS = YES;
				GCC_WARN_64_TO_32_BIT_CONVERSION = YES;
				GCC_WARN_ABOUT_RETURN_TYPE = YES_ERROR;
				GCC_WARN_UNDECLARED_SELECTOR = YES;
				GCC_WARN_UNINITIALIZED_AUTOS = YES_AGGRESSIVE;
				GCC_WARN_UNUSED_FUNCTION = YES;
				GCC_WARN_UNUSED_VARIABLE = YES;
				IPHONEOS_DEPLOYMENT_TARGET = 15.0;
				LOCALIZATION_PREFERS_STRING_CATALOGS = YES;
				MTL_ENABLE_DEBUG_INFO = NO;
				MTL_FAST_MATH = YES;
				SDKROOT = iphoneos;
				SWIFT_COMPILATION_MODE = wholemodule;
				VALIDATE_PRODUCT = YES;
			};
			name = Release;
		};
		BD0EE69D2C7C7586000D503C /* Debug */ = {
			isa = XCBuildConfiguration;
			buildSettings = {
				ASSETCATALOG_COMPILER_APPICON_NAME = AppIcon;
				ASSETCATALOG_COMPILER_GLOBAL_ACCENT_COLOR_NAME = AccentColor;
				CODE_SIGN_STYLE = Automatic;
				CURRENT_PROJECT_VERSION = 1;
				DEVELOPMENT_TEAM = 92U58L5CU9;
				GENERATE_INFOPLIST_FILE = YES;
				INFOPLIST_FILE = Team6_Movie/Info.plist;
				INFOPLIST_KEY_UIApplicationSupportsIndirectInputEvents = YES;
				INFOPLIST_KEY_UILaunchStoryboardName = LaunchScreen;
				INFOPLIST_KEY_UIMainStoryboardFile = "";
				INFOPLIST_KEY_UISupportedInterfaceOrientations_iPad = "UIInterfaceOrientationPortrait UIInterfaceOrientationPortraitUpsideDown UIInterfaceOrientationLandscapeLeft UIInterfaceOrientationLandscapeRight";
				INFOPLIST_KEY_UISupportedInterfaceOrientations_iPhone = "UIInterfaceOrientationPortrait UIInterfaceOrientationLandscapeLeft UIInterfaceOrientationLandscapeRight";
				LD_RUNPATH_SEARCH_PATHS = (
					"$(inherited)",
					"@executable_path/Frameworks",
				);
				MARKETING_VERSION = 1.0;
				PRODUCT_BUNDLE_IDENTIFIER = "xx.Team6-Movie";
				PRODUCT_NAME = "$(TARGET_NAME)";
				SWIFT_EMIT_LOC_STRINGS = YES;
				SWIFT_VERSION = 5.0;
				TARGETED_DEVICE_FAMILY = "1,2";
			};
			name = Debug;
		};
		BD0EE69E2C7C7586000D503C /* Release */ = {
			isa = XCBuildConfiguration;
			buildSettings = {
				ASSETCATALOG_COMPILER_APPICON_NAME = AppIcon;
				ASSETCATALOG_COMPILER_GLOBAL_ACCENT_COLOR_NAME = AccentColor;
				CODE_SIGN_STYLE = Automatic;
				CURRENT_PROJECT_VERSION = 1;
				DEVELOPMENT_TEAM = 92U58L5CU9;
				GENERATE_INFOPLIST_FILE = YES;
				INFOPLIST_FILE = Team6_Movie/Info.plist;
				INFOPLIST_KEY_UIApplicationSupportsIndirectInputEvents = YES;
				INFOPLIST_KEY_UILaunchStoryboardName = LaunchScreen;
				INFOPLIST_KEY_UIMainStoryboardFile = "";
				INFOPLIST_KEY_UISupportedInterfaceOrientations_iPad = "UIInterfaceOrientationPortrait UIInterfaceOrientationPortraitUpsideDown UIInterfaceOrientationLandscapeLeft UIInterfaceOrientationLandscapeRight";
				INFOPLIST_KEY_UISupportedInterfaceOrientations_iPhone = "UIInterfaceOrientationPortrait UIInterfaceOrientationLandscapeLeft UIInterfaceOrientationLandscapeRight";
				LD_RUNPATH_SEARCH_PATHS = (
					"$(inherited)",
					"@executable_path/Frameworks",
				);
				MARKETING_VERSION = 1.0;
				PRODUCT_BUNDLE_IDENTIFIER = "xx.Team6-Movie";
				PRODUCT_NAME = "$(TARGET_NAME)";
				SWIFT_EMIT_LOC_STRINGS = YES;
				SWIFT_VERSION = 5.0;
				TARGETED_DEVICE_FAMILY = "1,2";
			};
			name = Release;
		};
/* End XCBuildConfiguration section */

/* Begin XCConfigurationList section */
		BD0EE6802C7C7584000D503C /* Build configuration list for PBXProject "Team6_Movie" */ = {
			isa = XCConfigurationList;
			buildConfigurations = (
				BD0EE69A2C7C7586000D503C /* Debug */,
				BD0EE69B2C7C7586000D503C /* Release */,
			);
			defaultConfigurationIsVisible = 0;
			defaultConfigurationName = Release;
		};
		BD0EE69C2C7C7586000D503C /* Build configuration list for PBXNativeTarget "Team6_Movie" */ = {
			isa = XCConfigurationList;
			buildConfigurations = (
				BD0EE69D2C7C7586000D503C /* Debug */,
				BD0EE69E2C7C7586000D503C /* Release */,
			);
			defaultConfigurationIsVisible = 0;
			defaultConfigurationName = Release;
		};
/* End XCConfigurationList section */

/* Begin XCVersionGroup section */
		BD0EE6912C7C7584000D503C /* Team6_Movie.xcdatamodeld */ = {
			isa = XCVersionGroup;
			children = (
				BD0EE6922C7C7584000D503C /* Team6_Movie.xcdatamodel */,
			);
			currentVersion = BD0EE6922C7C7584000D503C /* Team6_Movie.xcdatamodel */;
			path = Team6_Movie.xcdatamodeld;
			sourceTree = "<group>";
			versionGroupType = wrapper.xcdatamodel;
		};
/* End XCVersionGroup section */
	};
	rootObject = BD0EE67D2C7C7584000D503C /* Project object */;
}
